
Microsoft Visual Studio Solution File, Format Version 11.00
# Visual Studio 2010
Project("{FAE04EC0-301F-11D3-BF4B-00C04F79EFBC}") = "PlugIn", "PlugIn\PlugIn.csproj", "{166C3D96-3C0E-4F82-B885-09B6F3744928}"
	ProjectSection(ProjectDependencies) = postProject
		{4B31AA7C-201D-45B9-974D-9A9D30ED9B17} = {4B31AA7C-201D-45B9-974D-9A9D30ED9B17}
		{C3CB49BD-1A02-48BD-A2DD-ED595BC981E7} = {C3CB49BD-1A02-48BD-A2DD-ED595BC981E7}
	EndProjectSection
EndProject
Project("{FAE04EC0-301F-11D3-BF4B-00C04F79EFBC}") = "MaterialManager", "MaterialManager\MaterialManager.csproj", "{4B31AA7C-201D-45B9-974D-9A9D30ED9B17}"
EndProject
Project("{FAE04EC0-301F-11D3-BF4B-00C04F79EFBC}") = "GeometryConverter", "GeometryConverter\GeometryConverter.csproj", "{C3CB49BD-1A02-48BD-A2DD-ED595BC981E7}"
EndProject
Project("{54435603-DBB4-11D2-8724-00A0C9A8B90C}") = "Acad2FdsSetup", "Acad2FdsSetup\Acad2FdsSetup.vdproj", "{0FCE2A90-705E-4482-A6F9-9359F32D1C58}"
	ProjectSection(ProjectDependencies) = postProject
		{2A691B60-4E5C-4E74-B063-104BA1470B6E} = {2A691B60-4E5C-4E74-B063-104BA1470B6E}
		{4B31AA7C-201D-45B9-974D-9A9D30ED9B17} = {4B31AA7C-201D-45B9-974D-9A9D30ED9B17}
		{166C3D96-3C0E-4F82-B885-09B6F3744928} = {166C3D96-3C0E-4F82-B885-09B6F3744928}
		{C3CB49BD-1A02-48BD-A2DD-ED595BC981E7} = {C3CB49BD-1A02-48BD-A2DD-ED595BC981E7}
	EndProjectSection
EndProject
Project("{FAE04EC0-301F-11D3-BF4B-00C04F79EFBC}") = "Acad2FdsSetupActions", "Acad2FdsSetupActions\Acad2FdsSetupActions.csproj", "{2A691B60-4E5C-4E74-B063-104BA1470B6E}"
EndProject
Project("{FAE04EC0-301F-11D3-BF4B-00C04F79EFBC}") = "UnitTests", "UnitTests\UnitTests.csproj", "{C81E4FAE-9545-4D4A-9E9F-39C5307A01BF}"
EndProject
Project("{2150E333-8FDC-42A3-9474-1A3956D46DE8}") = "SolutionItems", "SolutionItems", "{0B4335BD-C080-4149-89C1-25699A99EF1B}"
	ProjectSection(SolutionItems) = preProject
		SolutionItems\acad.exe.config = SolutionItems\acad.exe.config
		SolutionItems\CommonInfo.cs = SolutionItems\CommonInfo.cs
		SolutionItems\fds.template = SolutionItems\fds.template
		SolutionItems\materials.xml = SolutionItems\materials.xml
		SolutionItems\NVelocity.dll = SolutionItems\NVelocity.dll
		SolutionItems\Product.ico = SolutionItems\Product.ico
		SolutionItems\surfaces.xml = SolutionItems\surfaces.xml
	EndProjectSection
EndProject
Project("{FAE04EC0-301F-11D3-BF4B-00C04F79EFBC}") = "Common", "Common\Common.csproj", "{BC61B22D-9DDE-42D4-89C3-6C03FA206121}"
EndProject
Global
	GlobalSection(TeamFoundationVersionControl) = preSolution
		SccNumberOfProjects = 7
		SccEnterpriseProvider = {4CA58AB2-18FA-4F8D-95D4-32DDF27D184C}
		SccTeamFoundationServer = https://tfs.codeplex.com/tfs/tfs08
		SccProjectUniqueName0 = PlugIn\\PlugIn.csproj
		SccProjectName0 = PlugIn
		SccAuxPath0 = https://tfs.codeplex.com/tfs/tfs08
		SccLocalPath0 = PlugIn
		SccProvider0 = {4CA58AB2-18FA-4F8D-95D4-32DDF27D184C}
		SccProjectUniqueName1 = MaterialManager\\MaterialManager.csproj
		SccProjectName1 = MaterialManager
		SccAuxPath1 = https://tfs.codeplex.com/tfs/tfs08
		SccLocalPath1 = MaterialManager
		SccProvider1 = {4CA58AB2-18FA-4F8D-95D4-32DDF27D184C}
		SccProjectUniqueName2 = GeometryConverter\\GeometryConverter.csproj
		SccProjectName2 = GeometryConverter
		SccAuxPath2 = https://tfs.codeplex.com/tfs/tfs08
		SccLocalPath2 = GeometryConverter
		SccProvider2 = {4CA58AB2-18FA-4F8D-95D4-32DDF27D184C}
		SccProjectUniqueName3 = Acad2FdsSetup\\Acad2FdsSetup.vdproj
		SccProjectName3 = Acad2FdsSetup
		SccAuxPath3 = https://tfs.codeplex.com/tfs/tfs08
		SccLocalPath3 = Acad2FdsSetup
		SccProvider3 = {4CA58AB2-18FA-4F8D-95D4-32DDF27D184C}
		SccProjectUniqueName4 = Acad2FdsSetupActions\\Acad2FdsSetupActions.csproj
		SccProjectName4 = Acad2FdsSetupActions
		SccAuxPath4 = https://tfs.codeplex.com/tfs/tfs08
		SccLocalPath4 = Acad2FdsSetupActions
		SccProvider4 = {4CA58AB2-18FA-4F8D-95D4-32DDF27D184C}
		SccProjectUniqueName5 = UnitTests\\UnitTests.csproj
		SccProjectName5 = UnitTests
		SccAuxPath5 = https://tfs.codeplex.com/tfs/tfs08
		SccLocalPath5 = UnitTests
		SccProvider5 = {4CA58AB2-18FA-4F8D-95D4-32DDF27D184C}
		SccProjectUniqueName6 = Common\\Common.csproj
		SccProjectName6 = Common
		SccAuxPath6 = https://tfs.codeplex.com/tfs/tfs08
		SccLocalPath6 = Common
		SccProvider6 = {4CA58AB2-18FA-4F8D-95D4-32DDF27D184C}
	EndGlobalSection
	GlobalSection(SolutionConfigurationPlatforms) = preSolution
		Debug|Any CPU = Debug|Any CPU
		Release|Any CPU = Release|Any CPU
	EndGlobalSection
	GlobalSection(ProjectConfigurationPlatforms) = postSolution
		{166C3D96-3C0E-4F82-B885-09B6F3744928}.Debug|Any CPU.ActiveCfg = Debug|Any CPU
		{166C3D96-3C0E-4F82-B885-09B6F3744928}.Debug|Any CPU.Build.0 = Debug|Any CPU
		{166C3D96-3C0E-4F82-B885-09B6F3744928}.Release|Any CPU.ActiveCfg = Release|Any CPU
		{166C3D96-3C0E-4F82-B885-09B6F3744928}.Release|Any CPU.Build.0 = Release|Any CPU
		{4B31AA7C-201D-45B9-974D-9A9D30ED9B17}.Debug|Any CPU.ActiveCfg = Debug|Any CPU
		{4B31AA7C-201D-45B9-974D-9A9D30ED9B17}.Debug|Any CPU.Build.0 = Debug|Any CPU
		{4B31AA7C-201D-45B9-974D-9A9D30ED9B17}.Release|Any CPU.ActiveCfg = Release|Any CPU
		{4B31AA7C-201D-45B9-974D-9A9D30ED9B17}.Release|Any CPU.Build.0 = Release|Any CPU
		{C3CB49BD-1A02-48BD-A2DD-ED595BC981E7}.Debug|Any CPU.ActiveCfg = Debug|Any CPU
		{C3CB49BD-1A02-48BD-A2DD-ED595BC981E7}.Debug|Any CPU.Build.0 = Debug|Any CPU
		{C3CB49BD-1A02-48BD-A2DD-ED595BC981E7}.Release|Any CPU.ActiveCfg = Release|Any CPU
		{C3CB49BD-1A02-48BD-A2DD-ED595BC981E7}.Release|Any CPU.Build.0 = Release|Any CPU
		{0FCE2A90-705E-4482-A6F9-9359F32D1C58}.Debug|Any CPU.ActiveCfg = Debug
		{0FCE2A90-705E-4482-A6F9-9359F32D1C58}.Release|Any CPU.ActiveCfg = Release
		{0FCE2A90-705E-4482-A6F9-9359F32D1C58}.Release|Any CPU.Build.0 = Release
		{2A691B60-4E5C-4E74-B063-104BA1470B6E}.Debug|Any CPU.ActiveCfg = Debug|Any CPU
		{2A691B60-4E5C-4E74-B063-104BA1470B6E}.Release|Any CPU.ActiveCfg = Release|Any CPU
		{2A691B60-4E5C-4E74-B063-104BA1470B6E}.Release|Any CPU.Build.0 = Release|Any CPU
		{C81E4FAE-9545-4D4A-9E9F-39C5307A01BF}.Debug|Any CPU.ActiveCfg = Debug|Any CPU
		{C81E4FAE-9545-4D4A-9E9F-39C5307A01BF}.Release|Any CPU.ActiveCfg = Release|Any CPU
		{BC61B22D-9DDE-42D4-89C3-6C03FA206121}.Debug|Any CPU.ActiveCfg = Debug|Any CPU
		{BC61B22D-9DDE-42D4-89C3-6C03FA206121}.Debug|Any CPU.Build.0 = Debug|Any CPU
		{BC61B22D-9DDE-42D4-89C3-6C03FA206121}.Release|Any CPU.ActiveCfg = Release|Any CPU
		{BC61B22D-9DDE-42D4-89C3-6C03FA206121}.Release|Any CPU.Build.0 = Release|Any CPU
	EndGlobalSection
	GlobalSection(SolutionProperties) = preSolution
		HideSolutionNode = FALSE
	EndGlobalSection
EndGlobal
